{
  "version": 4,
  "terraform_version": "1.11.2",
  "serial": 2,
  "lineage": "ce485203-2569-e040-3529-899f0c0cdce0",
  "outputs": {
    "resource_group_id": {
      "value": "/subscriptions/38bd44d5-d91c-4f34-8f1e-c946d6697ae4/resourceGroups/dhina-resourcegroup-2025",
      "type": "string"
    }
  },
  "resources": [
    {
      "mode": "managed",
      "type": "azurerm_resource_group",
      "name": "rare_rg",
      "provider": "provider[\"registry.terraform.io/hashicorp/azurerm\"]",
      "instances": [
        {
          "schema_version": 0,
          "attributes": {
            "id": "/subscriptions/38bd44d5-d91c-4f34-8f1e-c946d6697ae4/resourceGroups/dhina-resourcegroup-2025",
            "location": "australiacentral",
            "managed_by": "",
            "name": "dhina-resourcegroup-2025",
            "tags": null,
            "timeouts": null
          },
          "sensitive_attributes": [],
          "private": "eyJlMmJmYjczMC1lY2FhLTExZTYtOGY4OC0zNDM2M2JjN2M0YzAiOnsiY3JlYXRlIjo1NDAwMDAwMDAwMDAwLCJkZWxldGUiOjU0MDAwMDAwMDAwMDAsInJlYWQiOjMwMDAwMDAwMDAwMCwidXBkYXRlIjo1NDAwMDAwMDAwMDAwfX0="
        }
      ]
    }
  ],
  "check_results": null
}
